
Microsoft Visual Studio Solution File, Format Version 12.00
# Visual Studio Version 16
VisualStudioVersion = 16.0.31515.178
MinimumVisualStudioVersion = 10.0.40219.1
Project("{9A19103F-16F7-4668-BE54-9A1E7A4F7556}") = "DevOcean", "DevOcean\DevOcean.csproj", "{B406D46B-1139-42F7-BD99-A2CF071E1E59}"
EndProject
Project("{9A19103F-16F7-4668-BE54-9A1E7A4F7556}") = "DevOcean.Console", "DevOcean.Console\DevOcean.Console.csproj", "{89E0C887-CDF1-4E91-BF58-A9399864EB9B}"
EndProject
Project("{9A19103F-16F7-4668-BE54-9A1E7A4F7556}") = "DevOcean.Tests", "DevOcean.Tests\DevOcean.Tests.csproj", "{C2583A1A-C512-49F2-A773-5B9D6D389D36}"
EndProject
Global
	GlobalSection(SolutionConfigurationPlatforms) = preSolution
		Debug|Any CPU = Debug|Any CPU
		Release|Any CPU = Release|Any CPU
	EndGlobalSection
	GlobalSection(ProjectConfigurationPlatforms) = postSolution
		{B406D46B-1139-42F7-BD99-A2CF071E1E59}.Debug|Any CPU.ActiveCfg = Debug|Any CPU
		{B406D46B-1139-42F7-BD99-A2CF071E1E59}.Debug|Any CPU.Build.0 = Debug|Any CPU
		{B406D46B-1139-42F7-BD99-A2CF071E1E59}.Release|Any CPU.ActiveCfg = Release|Any CPU
		{B406D46B-1139-42F7-BD99-A2CF071E1E59}.Release|Any CPU.Build.0 = Release|Any CPU
		{89E0C887-CDF1-4E91-BF58-A9399864EB9B}.Debug|Any CPU.ActiveCfg = Debug|Any CPU
		{89E0C887-CDF1-4E91-BF58-A9399864EB9B}.Debug|Any CPU.Build.0 = Debug|Any CPU
		{89E0C887-CDF1-4E91-BF58-A9399864EB9B}.Release|Any CPU.ActiveCfg = Release|Any CPU
		{89E0C887-CDF1-4E91-BF58-A9399864EB9B}.Release|Any CPU.Build.0 = Release|Any CPU
		{C2583A1A-C512-49F2-A773-5B9D6D389D36}.Debug|Any CPU.ActiveCfg = Debug|Any CPU
		{C2583A1A-C512-49F2-A773-5B9D6D389D36}.Debug|Any CPU.Build.0 = Debug|Any CPU
		{C2583A1A-C512-49F2-A773-5B9D6D389D36}.Release|Any CPU.ActiveCfg = Release|Any CPU
		{C2583A1A-C512-49F2-A773-5B9D6D389D36}.Release|Any CPU.Build.0 = Release|Any CPU
	EndGlobalSection
	GlobalSection(SolutionProperties) = preSolution
		HideSolutionNode = FALSE
	EndGlobalSection
	GlobalSection(ExtensibilityGlobals) = postSolution
		SolutionGuid = {B9A69D7B-505B-4DFF-A216-CE3D561DF1A3}
	EndGlobalSection
EndGlobal
